
Microsoft Visual Studio Solution File, Format Version 12.00
# Visual Studio Version 17
VisualStudioVersion = 17.8.34525.116
MinimumVisualStudioVersion = 10.0.40219.1
Project("{FAE04EC0-301F-11D3-BF4B-00C04F79EFBC}") = "ToDoApp", "ToDoApp\ToDoApp.csproj", "{24738E12-ECAC-456E-829A-AB0E7A42F63B}"
EndProject
Global
	GlobalSection(SolutionConfigurationPlatforms) = preSolution
		Debug|Any CPU = Debug|Any CPU
		Release|Any CPU = Release|Any CPU
	EndGlobalSection
	GlobalSection(ProjectConfigurationPlatforms) = postSolution
		{24738E12-ECAC-456E-829A-AB0E7A42F63B}.Debug|Any CPU.ActiveCfg = Debug|Any CPU
		{24738E12-ECAC-456E-829A-AB0E7A42F63B}.Debug|Any CPU.Build.0 = Debug|Any CPU
		{24738E12-ECAC-456E-829A-AB0E7A42F63B}.Release|Any CPU.ActiveCfg = Release|Any CPU
		{24738E12-ECAC-456E-829A-AB0E7A42F63B}.Release|Any CPU.Build.0 = Release|Any CPU
	EndGlobalSection
	GlobalSection(SolutionProperties) = preSolution
		HideSolutionNode = FALSE
	EndGlobalSection
	GlobalSection(ExtensibilityGlobals) = postSolution
		SolutionGuid = {CBE66DB1-97A4-4C6A-85C0-57D0292F0C77}
	EndGlobalSection
EndGlobal
